// !$*UTF8*$!
{
	archiveVersion = 1;
	classes = {
	};
	objectVersion = 48;
	objects = {

/* Begin PBXBuildFile section */
		645825721FE9C53A00A15CB4 /* AppDelegate.swift in Sources */ = {isa = PBXBuildFile; fileRef = 645825711FE9C53A00A15CB4 /* AppDelegate.swift */; };
		645825741FE9C53A00A15CB4 /* ViewController.swift in Sources */ = {isa = PBXBuildFile; fileRef = 645825731FE9C53A00A15CB4 /* ViewController.swift */; };
		645825771FE9C53A00A15CB4 /* Main.storyboard in Resources */ = {isa = PBXBuildFile; fileRef = 645825751FE9C53A00A15CB4 /* Main.storyboard */; };
		645825791FE9C53A00A15CB4 /* Assets.xcassets in Resources */ = {isa = PBXBuildFile; fileRef = 645825781FE9C53A00A15CB4 /* Assets.xcassets */; };
		6458257C1FE9C53A00A15CB4 /* LaunchScreen.storyboard in Resources */ = {isa = PBXBuildFile; fileRef = 6458257A1FE9C53A00A15CB4 /* LaunchScreen.storyboard */; };
		645825921FE9C89200A15CB4 /* empire.wav in Resources */ = {isa = PBXBuildFile; fileRef = 645825841FE9C89200A15CB4 /* empire.wav */; };
		645825931FE9C89200A15CB4 /* record_scratch.wav in Resources */ = {isa = PBXBuildFile; fileRef = 645825851FE9C89200A15CB4 /* record_scratch.wav */; };
		645825941FE9C89200A15CB4 /* nothing.wav in Resources */ = {isa = PBXBuildFile; fileRef = 645825861FE9C89200A15CB4 /* nothing.wav */; };
		645825951FE9C89200A15CB4 /* feltit.wav in Resources */ = {isa = PBXBuildFile; fileRef = 645825871FE9C89200A15CB4 /* feltit.wav */; };
		645825961FE9C89200A15CB4 /* dark_side_v2.wav in Resources */ = {isa = PBXBuildFile; fileRef = 645825881FE9C89200A15CB4 /* dark_side_v2.wav */; };
		645825971FE9C89200A15CB4 /* awakening.wav in Resources */ = {isa = PBXBuildFile; fileRef = 645825891FE9C89200A15CB4 /* awakening.wav */; };
		645825981FE9C89200A15CB4 /* chrome.wav in Resources */ = {isa = PBXBuildFile; fileRef = 6458258A1FE9C89200A15CB4 /* chrome.wav */; };
		645825991FE9C89200A15CB4 /* fear.wav in Resources */ = {isa = PBXBuildFile; fileRef = 6458258B1FE9C89200A15CB4 /* fear.wav */; };
		6458259B1FE9C89200A15CB4 /* Star Wars_ The Force Awakens Official Teaser.wav in Resources */ = {isa = PBXBuildFile; fileRef = 6458258D1FE9C89200A15CB4 /* Star Wars_ The Force Awakens Official Teaser.wav */; };
		6458259C1FE9C89200A15CB4 /* started.wav in Resources */ = {isa = PBXBuildFile; fileRef = 6458258E1FE9C89200A15CB4 /* started.wav */; };
		6458259E1FE9C89200A15CB4 /* finish3.wav in Resources */ = {isa = PBXBuildFile; fileRef = 645825901FE9C89200A15CB4 /* finish3.wav */; };
		6458259F1FE9C89200A15CB4 /* and_the_light.wav in Resources */ = {isa = PBXBuildFile; fileRef = 645825911FE9C89200A15CB4 /* and_the_light.wav */; };
/* End PBXBuildFile section */

/* Begin PBXFileReference section */
		6458256E1FE9C53A00A15CB4 /* Star Wars Soundboard.app */ = {isa = PBXFileReference; explicitFileType = wrapper.application; includeInIndex = 0; path = "Star Wars Soundboard.app"; sourceTree = BUILT_PRODUCTS_DIR; };
		645825711FE9C53A00A15CB4 /* AppDelegate.swift */ = {isa = PBXFileReference; lastKnownFileType = sourcecode.swift; path = AppDelegate.swift; sourceTree = "<group>"; };
		645825731FE9C53A00A15CB4 /* ViewController.swift */ = {isa = PBXFileReference; lastKnownFileType = sourcecode.swift; path = ViewController.swift; sourceTree = "<group>"; };
		645825761FE9C53A00A15CB4 /* Base */ = {isa = PBXFileReference; lastKnownFileType = file.storyboard; name = Base; path = Base.lproj/Main.storyboard; sourceTree = "<group>"; };
		645825781FE9C53A00A15CB4 /* Assets.xcassets */ = {isa = PBXFileReference; lastKnownFileType = folder.assetcatalog; path = Assets.xcassets; sourceTree = "<group>"; };
		6458257B1FE9C53A00A15CB4 /* Base */ = {isa = PBXFileReference; lastKnownFileType = file.storyboard; name = Base; path = Base.lproj/LaunchScreen.storyboard; sourceTree = "<group>"; };
		6458257D1FE9C53A00A15CB4 /* Info.plist */ = {isa = PBXFileReference; lastKnownFileType = text.plist.xml; path = Info.plist; sourceTree = "<group>"; };
		645825841FE9C89200A15CB4 /* empire.wav */ = {isa = PBXFileReference; lastKnownFileType = audio.wav; name = empire.wav; path = "../../../kylo-ren-sound-board/empire.wav"; sourceTree = "<group>"; };
		645825851FE9C89200A15CB4 /* record_scratch.wav */ = {isa = PBXFileReference; lastKnownFileType = audio.wav; name = record_scratch.wav; path = "../../../kylo-ren-sound-board/record_scratch.wav"; sourceTree = "<group>"; };
		645825861FE9C89200A15CB4 /* nothing.wav */ = {isa = PBXFileReference; lastKnownFileType = audio.wav; name = nothing.wav; path = "../../../kylo-ren-sound-board/nothing.wav"; sourceTree = "<group>"; };
		645825871FE9C89200A15CB4 /* feltit.wav */ = {isa = PBXFileReference; lastKnownFileType = audio.wav; name = feltit.wav; path = "../../../kylo-ren-sound-board/feltit.wav"; sourceTree = "<group>"; };
		645825881FE9C89200A15CB4 /* dark_side_v2.wav */ = {isa = PBXFileReference; lastKnownFileType = audio.wav; name = dark_side_v2.wav; path = "../../../kylo-ren-sound-board/dark_side_v2.wav"; sourceTree = "<group>"; };
		645825891FE9C89200A15CB4 /* awakening.wav */ = {isa = PBXFileReference; lastKnownFileType = audio.wav; name = awakening.wav; path = "../../../kylo-ren-sound-board/awakening.wav"; sourceTree = "<group>"; };
		6458258A1FE9C89200A15CB4 /* chrome.wav */ = {isa = PBXFileReference; lastKnownFileType = audio.wav; name = chrome.wav; path = "../../../kylo-ren-sound-board/chrome.wav"; sourceTree = "<group>"; };
		6458258B1FE9C89200A15CB4 /* fear.wav */ = {isa = PBXFileReference; lastKnownFileType = audio.wav; name = fear.wav; path = "../../../kylo-ren-sound-board/fear.wav"; sourceTree = "<group>"; };
		6458258D1FE9C89200A15CB4 /* Star Wars_ The Force Awakens Official Teaser.wav */ = {isa = PBXFileReference; lastKnownFileType = audio.wav; name = "Star Wars_ The Force Awakens Official Teaser.wav"; path = "../../../kylo-ren-sound-board/Star Wars_ The Force Awakens Official Teaser.wav"; sourceTree = "<group>"; };
		6458258E1FE9C89200A15CB4 /* started.wav */ = {isa = PBXFileReference; lastKnownFileType = audio.wav; name = started.wav; path = "../../../kylo-ren-sound-board/started.wav"; sourceTree = "<group>"; };
		645825901FE9C89200A15CB4 /* finish3.wav */ = {isa = PBXFileReference; lastKnownFileType = audio.wav; name = finish3.wav; path = "../../../kylo-ren-sound-board/finish3.wav"; sourceTree = "<group>"; };
		645825911FE9C89200A15CB4 /* and_the_light.wav */ = {isa = PBXFileReference; lastKnownFileType = audio.wav; name = and_the_light.wav; path = "../../../kylo-ren-sound-board/and_the_light.wav"; sourceTree = "<group>"; };
/* End PBXFileReference section */

/* Begin PBXFrameworksBuildPhase section */
		6458256B1FE9C53A00A15CB4 /* Frameworks */ = {
			isa = PBXFrameworksBuildPhase;
			buildActionMask = 2147483647;
			files = (
			);
			runOnlyForDeploymentPostprocessing = 0;
		};
/* End PBXFrameworksBuildPhase section */

/* Begin PBXGroup section */
		645825651FE9C53A00A15CB4 = {
			isa = PBXGroup;
			children = (
				645825701FE9C53A00A15CB4 /* Star Wars Soundboard */,
				6458256F1FE9C53A00A15CB4 /* Products */,
			);
			sourceTree = "<group>";
		};
		6458256F1FE9C53A00A15CB4 /* Products */ = {
			isa = PBXGroup;
			children = (
				6458256E1FE9C53A00A15CB4 /* Star Wars Soundboard.app */,
			);
			name = Products;
			sourceTree = "<group>";
		};
		645825701FE9C53A00A15CB4 /* Star Wars Soundboard */ = {
			isa = PBXGroup;
			children = (
				645825831FE9C81F00A15CB4 /* soundfiles */,
				645825711FE9C53A00A15CB4 /* AppDelegate.swift */,
				645825731FE9C53A00A15CB4 /* ViewController.swift */,
				645825751FE9C53A00A15CB4 /* Main.storyboard */,
				645825781FE9C53A00A15CB4 /* Assets.xcassets */,
				6458257A1FE9C53A00A15CB4 /* LaunchScreen.storyboard */,
				6458257D1FE9C53A00A15CB4 /* Info.plist */,
			);
			path = "Star Wars Soundboard";
			sourceTree = "<group>";
		};
		645825831FE9C81F00A15CB4 /* soundfiles */ = {
			isa = PBXGroup;
			children = (
				645825911FE9C89200A15CB4 /* and_the_light.wav */,
				645825891FE9C89200A15CB4 /* awakening.wav */,
				6458258A1FE9C89200A15CB4 /* chrome.wav */,
				645825881FE9C89200A15CB4 /* dark_side_v2.wav */,
				645825841FE9C89200A15CB4 /* empire.wav */,
				6458258B1FE9C89200A15CB4 /* fear.wav */,
				645825871FE9C89200A15CB4 /* feltit.wav */,
				645825901FE9C89200A15CB4 /* finish3.wav */,
				645825861FE9C89200A15CB4 /* nothing.wav */,
				645825851FE9C89200A15CB4 /* record_scratch.wav */,
				6458258D1FE9C89200A15CB4 /* Star Wars_ The Force Awakens Official Teaser.wav */,
				6458258E1FE9C89200A15CB4 /* started.wav */,
			);
			path = soundfiles;
			sourceTree = "<group>";
		};
/* End PBXGroup section */

/* Begin PBXNativeTarget section */
		6458256D1FE9C53A00A15CB4 /* Star Wars Soundboard */ = {
			isa = PBXNativeTarget;
			buildConfigurationList = 645825801FE9C53A00A15CB4 /* Build configuration list for PBXNativeTarget "Star Wars Soundboard" */;
			buildPhases = (
				6458256A1FE9C53A00A15CB4 /* Sources */,
				6458256B1FE9C53A00A15CB4 /* Frameworks */,
				6458256C1FE9C53A00A15CB4 /* Resources */,
			);
			buildRules = (
			);
			dependencies = (
			);
			name = "Star Wars Soundboard";
			productName = "Star Wars Soundboard";
			productReference = 6458256E1FE9C53A00A15CB4 /* Star Wars Soundboard.app */;
			productType = "com.apple.product-type.application";
		};
/* End PBXNativeTarget section */

/* Begin PBXProject section */
		645825661FE9C53A00A15CB4 /* Project object */ = {
			isa = PBXProject;
			attributes = {
				LastSwiftUpdateCheck = 0920;
				LastUpgradeCheck = 0920;
				ORGANIZATIONNAME = "Greasy Hacks, LLC";
				TargetAttributes = {
					6458256D1FE9C53A00A15CB4 = {
						CreatedOnToolsVersion = 9.2;
						ProvisioningStyle = Automatic;
					};
				};
			};
			buildConfigurationList = 645825691FE9C53A00A15CB4 /* Build configuration list for PBXProject "Star Wars Soundboard" */;
			compatibilityVersion = "Xcode 8.0";
			developmentRegion = en;
			hasScannedForEncodings = 0;
			knownRegions = (
				en,
				Base,
			);
			mainGroup = 645825651FE9C53A00A15CB4;
			productRefGroup = 6458256F1FE9C53A00A15CB4 /* Products */;
			projectDirPath = "";
			projectRoot = "";
			targets = (
				6458256D1FE9C53A00A15CB4 /* Star Wars Soundboard */,
			);
		};
/* End PBXProject section */

/* Begin PBXResourcesBuildPhase section */
		6458256C1FE9C53A00A15CB4 /* Resources */ = {
			isa = PBXResourcesBuildPhase;
			buildActionMask = 2147483647;
			files = (
				645825941FE9C89200A15CB4 /* nothing.wav in Resources */,
				645825961FE9C89200A15CB4 /* dark_side_v2.wav in Resources */,
				645825951FE9C89200A15CB4 /* feltit.wav in Resources */,
				645825931FE9C89200A15CB4 /* record_scratch.wav in Resources */,
				645825981FE9C89200A15CB4 /* chrome.wav in Resources */,
				645825971FE9C89200A15CB4 /* awakening.wav in Resources */,
				645825921FE9C89200A15CB4 /* empire.wav in Resources */,
				6458259C1FE9C89200A15CB4 /* started.wav in Resources */,
				6458257C1FE9C53A00A15CB4 /* LaunchScreen.storyboard in Resources */,
				6458259E1FE9C89200A15CB4 /* finish3.wav in Resources */,
				6458259B1FE9C89200A15CB4 /* Star Wars_ The Force Awakens Official Teaser.wav in Resources */,
				645825791FE9C53A00A15CB4 /* Assets.xcassets in Resources */,
				645825771FE9C53A00A15CB4 /* Main.storyboard in Resources */,
				6458259F1FE9C89200A15CB4 /* and_the_light.wav in Resources */,
				645825991FE9C89200A15CB4 /* fear.wav in Resources */,
			);
			runOnlyForDeploymentPostprocessing = 0;
		};
/* End PBXResourcesBuildPhase section */

/* Begin PBXSourcesBuildPhase section */
		6458256A1FE9C53A00A15CB4 /* Sources */ = {
			isa = PBXSourcesBuildPhase;
			buildActionMask = 2147483647;
			files = (
				645825741FE9C53A00A15CB4 /* ViewController.swift in Sources */,
				645825721FE9C53A00A15CB4 /* AppDelegate.swift in Sources */,
			);
			runOnlyForDeploymentPostprocessing = 0;
		};
/* End PBXSourcesBuildPhase section */

/* Begin PBXVariantGroup section */
		645825751FE9C53A00A15CB4 /* Main.storyboard */ = {
			isa = PBXVariantGroup;
			children = (
				645825761FE9C53A00A15CB4 /* Base */,
			);
			name = Main.storyboard;
			sourceTree = "<group>";
		};
		6458257A1FE9C53A00A15CB4 /* LaunchScreen.storyboard */ = {
			isa = PBXVariantGroup;
			children = (
				6458257B1FE9C53A00A15CB4 /* Base */,
			);
			name = LaunchScreen.storyboard;
			sourceTree = "<group>";
		};
/* End PBXVariantGroup section */

/* Begin XCBuildConfiguration section */
		6458257E1FE9C53A00A15CB4 /* Debug */ = {
			isa = XCBuildConfiguration;
			buildSettings = {
				ALWAYS_SEARCH_USER_PATHS = NO;
				CLANG_ANALYZER_NONNULL = YES;
				CLANG_ANALYZER_NUMBER_OBJECT_CONVERSION = YES_AGGRESSIVE;
				CLANG_CXX_LANGUAGE_STANDARD = "gnu++14";
				CLANG_CXX_LIBRARY = "libc++";
				CLANG_ENABLE_MODULES = YES;
				CLANG_ENABLE_OBJC_ARC = YES;
				CLANG_WARN_BLOCK_CAPTURE_AUTORELEASING = YES;
				CLANG_WARN_BOOL_CONVERSION = YES;
				CLANG_WARN_COMMA = YES;
				CLANG_WARN_CONSTANT_CONVERSION = YES;
				CLANG_WARN_DIRECT_OBJC_ISA_USAGE = YES_ERROR;
				CLANG_WARN_DOCUMENTATION_COMMENTS = YES;
				CLANG_WARN_EMPTY_BODY = YES;
				CLANG_WARN_ENUM_CONVERSION = YES;
				CLANG_WARN_INFINITE_RECURSION = YES;
				CLANG_WARN_INT_CONVERSION = YES;
				CLANG_WARN_NON_LITERAL_NULL_CONVERSION = YES;
				CLANG_WARN_OBJC_LITERAL_CONVERSION = YES;
				CLANG_WARN_OBJC_ROOT_CLASS = YES_ERROR;
				CLANG_WARN_RANGE_LOOP_ANALYSIS = YES;
				CLANG_WARN_STRICT_PROTOTYPES = YES;
				CLANG_WARN_SUSPICIOUS_MOVE = YES;
				CLANG_WARN_UNGUARDED_AVAILABILITY = YES_AGGRESSIVE;
				CLANG_WARN_UNREACHABLE_CODE = YES;
				CLANG_WARN__DUPLICATE_METHOD_MATCH = YES;
				CODE_SIGN_IDENTITY = "iPhone Developer";
				COPY_PHASE_STRIP = NO;
				DEBUG_INFORMATION_FORMAT = dwarf;
				ENABLE_STRICT_OBJC_MSGSEND = YES;
				ENABLE_TESTABILITY = YES;
				GCC_C_LANGUAGE_STANDARD = gnu11;
				GCC_DYNAMIC_NO_PIC = NO;
				GCC_NO_COMMON_BLOCKS = YES;
				GCC_OPTIMIZATION_LEVEL = 0;
				GCC_PREPROCESSOR_DEFINITIONS = (
					"DEBUG=1",
					"$(inherited)",
				);
				GCC_WARN_64_TO_32_BIT_CONVERSION = YES;
				GCC_WARN_ABOUT_RETURN_TYPE = YES_ERROR;
				GCC_WARN_UNDECLARED_SELECTOR = YES;
				GCC_WARN_UNINITIALIZED_AUTOS = YES_AGGRESSIVE;
				GCC_WARN_UNUSED_FUNCTION = YES;
				GCC_WARN_UNUSED_VARIABLE = YES;
				IPHONEOS_DEPLOYMENT_TARGET = 11.2;
				MTL_ENABLE_DEBUG_INFO = YES;
				ONLY_ACTIVE_ARCH = YES;
				SDKROOT = iphoneos;
				SWIFT_ACTIVE_COMPILATION_CONDITIONS = DEBUG;
				SWIFT_OPTIMIZATION_LEVEL = "-Onone";
			};
			name = Debug;
		};
		6458257F1FE9C53A00A15CB4 /* Release */ = {
			isa = XCBuildConfiguration;
			buildSettings = {
				ALWAYS_SEARCH_USER_PATHS = NO;
				CLANG_ANALYZER_NONNULL = YES;
				CLANG_ANALYZER_NUMBER_OBJECT_CONVERSION = YES_AGGRESSIVE;
				CLANG_CXX_LANGUAGE_STANDARD = "gnu++14";
				CLANG_CXX_LIBRARY = "libc++";
				CLANG_ENABLE_MODULES = YES;
				CLANG_ENABLE_OBJC_ARC = YES;
				CLANG_WARN_BLOCK_CAPTURE_AUTORELEASING = YES;
				CLANG_WARN_BOOL_CONVERSION = YES;
				CLANG_WARN_COMMA = YES;
				CLANG_WARN_CONSTANT_CONVERSION = YES;
				CLANG_WARN_DIRECT_OBJC_ISA_USAGE = YES_ERROR;
				CLANG_WARN_DOCUMENTATION_COMMENTS = YES;
				CLANG_WARN_EMPTY_BODY = YES;
				CLANG_WARN_ENUM_CONVERSION = YES;
				CLANG_WARN_INFINITE_RECURSION = YES;
				CLANG_WARN_INT_CONVERSION = YES;
				CLANG_WARN_NON_LITERAL_NULL_CONVERSION = YES;
				CLANG_WARN_OBJC_LITERAL_CONVERSION = YES;
				CLANG_WARN_OBJC_ROOT_CLASS = YES_ERROR;
				CLANG_WARN_RANGE_LOOP_ANALYSIS = YES;
				CLANG_WARN_STRICT_PROTOTYPES = YES;
				CLANG_WARN_SUSPICIOUS_MOVE = YES;
				CLANG_WARN_UNGUARDED_AVAILABILITY = YES_AGGRESSIVE;
				CLANG_WARN_UNREACHABLE_CODE = YES;
				CLANG_WARN__DUPLICATE_METHOD_MATCH = YES;
				CODE_SIGN_IDENTITY = "iPhone Developer";
				COPY_PHASE_STRIP = NO;
				DEBUG_INFORMATION_FORMAT = "dwarf-with-dsym";
				ENABLE_NS_ASSERTIONS = NO;
				ENABLE_STRICT_OBJC_MSGSEND = YES;
				GCC_C_LANGUAGE_STANDARD = gnu11;
				GCC_NO_COMMON_BLOCKS = YES;
				GCC_WARN_64_TO_32_BIT_CONVERSION = YES;
				GCC_WARN_ABOUT_RETURN_TYPE = YES_ERROR;
				GCC_WARN_UNDECLARED_SELECTOR = YES;
				GCC_WARN_UNINITIALIZED_AUTOS = YES_AGGRESSIVE;
				GCC_WARN_UNUSED_FUNCTION = YES;
				GCC_WARN_UNUSED_VARIABLE = YES;
				IPHONEOS_DEPLOYMENT_TARGET = 11.2;
				MTL_ENABLE_DEBUG_INFO = NO;
				SDKROOT = iphoneos;
				SWIFT_OPTIMIZATION_LEVEL = "-Owholemodule";
				VALIDATE_PRODUCT = YES;
			};
			name = Release;
		};
		645825811FE9C53A00A15CB4 /* Debug */ = {
			isa = XCBuildConfiguration;
			buildSettings = {
				ASSETCATALOG_COMPILER_APPICON_NAME = AppIcon;
				CODE_SIGN_STYLE = Automatic;
				DEVELOPMENT_TEAM = URADB33PMV;
				INFOPLIST_FILE = "Star Wars Soundboard/Info.plist";
				LD_RUNPATH_SEARCH_PATHS = "$(inherited) @executable_path/Frameworks";
				PRODUCT_BUNDLE_IDENTIFIER = "com.greasyhacks.Star-Wars-Soundboard";
				PRODUCT_NAME = "$(TARGET_NAME)";
				SWIFT_VERSION = 4.0;
				TARGETED_DEVICE_FAMILY = 1;
			};
			name = Debug;
		};
		645825821FE9C53A00A15CB4 /* Release */ = {
			isa = XCBuildConfiguration;
			buildSettings = {
				ASSETCATALOG_COMPILER_APPICON_NAME = AppIcon;
				CODE_SIGN_STYLE = Automatic;
				DEVELOPMENT_TEAM = URADB33PMV;
				INFOPLIST_FILE = "Star Wars Soundboard/Info.plist";
				LD_RUNPATH_SEARCH_PATHS = "$(inherited) @executable_path/Frameworks";
				PRODUCT_BUNDLE_IDENTIFIER = "com.greasyhacks.Star-Wars-Soundboard";
				PRODUCT_NAME = "$(TARGET_NAME)";
				SWIFT_VERSION = 4.0;
				TARGETED_DEVICE_FAMILY = 1;
			};
			name = Release;
		};
/* End XCBuildConfiguration section */

/* Begin XCConfigurationList section */
		645825691FE9C53A00A15CB4 /* Build configuration list for PBXProject "Star Wars Soundboard" */ = {
			isa = XCConfigurationList;
			buildConfigurations = (
				6458257E1FE9C53A00A15CB4 /* Debug */,
				6458257F1FE9C53A00A15CB4 /* Release */,
			);
			defaultConfigurationIsVisible = 0;
			defaultConfigurationName = Release;
		};
		645825801FE9C53A00A15CB4 /* Build configuration list for PBXNativeTarget "Star Wars Soundboard" */ = {
			isa = XCConfigurationList;
			buildConfigurations = (
				645825811FE9C53A00A15CB4 /* Debug */,
				645825821FE9C53A00A15CB4 /* Release */,
			);
			defaultConfigurationIsVisible = 0;
			defaultConfigurationName = Release;
		};
/* End XCConfigurationList section */
	};
	rootObject = 645825661FE9C53A00A15CB4 /* Project object */;
}
